
Microsoft Visual Studio Solution File, Format Version 12.00
# Visual Studio Version 16
VisualStudioVersion = 16.0.29609.76
MinimumVisualStudioVersion = 10.0.40219.1
Project("{FAE04EC0-301F-11D3-BF4B-00C04F79EFBC}") = "NorthwindWeb", "NorthwindWeb\NorthwindWeb.csproj", "{4FF27434-D554-4773-8B85-D4ADF9CD3242}"
EndProject
Project("{FAE04EC0-301F-11D3-BF4B-00C04F79EFBC}") = "NorthwindWeb.UnitTests", "NorthwindWeb.UnitTests\NorthwindWeb.UnitTests.csproj", "{AC8EB778-5EEA-4FEE-BEE9-ACD99A608A06}"
EndProject
Global
	GlobalSection(SolutionConfigurationPlatforms) = preSolution
		Debug|Any CPU = Debug|Any CPU
		Release|Any CPU = Release|Any CPU
	EndGlobalSection
	GlobalSection(ProjectConfigurationPlatforms) = postSolution
		{4FF27434-D554-4773-8B85-D4ADF9CD3242}.Debug|Any CPU.ActiveCfg = Debug|Any CPU
		{4FF27434-D554-4773-8B85-D4ADF9CD3242}.Debug|Any CPU.Build.0 = Debug|Any CPU
		{4FF27434-D554-4773-8B85-D4ADF9CD3242}.Release|Any CPU.ActiveCfg = Release|Any CPU
		{4FF27434-D554-4773-8B85-D4ADF9CD3242}.Release|Any CPU.Build.0 = Release|Any CPU
		{AC8EB778-5EEA-4FEE-BEE9-ACD99A608A06}.Debug|Any CPU.ActiveCfg = Debug|Any CPU
		{AC8EB778-5EEA-4FEE-BEE9-ACD99A608A06}.Debug|Any CPU.Build.0 = Debug|Any CPU
		{AC8EB778-5EEA-4FEE-BEE9-ACD99A608A06}.Release|Any CPU.ActiveCfg = Release|Any CPU
		{AC8EB778-5EEA-4FEE-BEE9-ACD99A608A06}.Release|Any CPU.Build.0 = Release|Any CPU
	EndGlobalSection
	GlobalSection(SolutionProperties) = preSolution
		HideSolutionNode = FALSE
	EndGlobalSection
	GlobalSection(ExtensibilityGlobals) = postSolution
		SolutionGuid = {CCD88061-C531-476E-BCC9-C115128A8AB8}
	EndGlobalSection
EndGlobal
